{
  "nodes": {
    "devshell": {
      "locked": {
        "lastModified": 1632436039,
        "narHash": "sha256-OtITeVWcKXn1SpVEnImpTGH91FycCskGBPqmlxiykv4=",
        "owner": "numtide",
        "repo": "devshell",
        "rev": "7a7a7aa0adebe5488e5abaec688fd9ae0f8ea9c6",
        "type": "github"
      },
      "original": {
        "owner": "numtide",
        "repo": "devshell",
        "type": "github"
      }
    },
    "flakeCompat": {
      "flake": false,
      "locked": {
        "lastModified": 1627913399,
        "narHash": "sha256-hY8g6H2KFL8ownSiFeMOjwPC8P0ueXpCVEbxgda3pko=",
        "owner": "edolstra",
        "repo": "flake-compat",
        "rev": "12c64ca55c1014cdc1b16ed5a804aa8576601ff2",
        "type": "github"
      },
      "original": {
        "owner": "edolstra",
        "repo": "flake-compat",
        "type": "github"
      }
    },
    "nixCargoIntegration": {
      "inputs": {
        "devshell": "devshell",
        "nixpkgs": [
          "nixpkgs"
        ],
        "rustOverlay": "rustOverlay"
      },
      "locked": {
        "lastModified": 1633063515,
        "narHash": "sha256-aydDF5Y4gu+LuYzCHE17iVEfzK4JwTDWL/dR7WXkOQk=",
        "owner": "yusdacra",
        "repo": "nix-cargo-integration",
        "rev": "30ce5b19284d6911b00cb2ca6a5a9b78e0c9051e",
        "type": "github"
      },
      "original": {
        "owner": "yusdacra",
        "repo": "nix-cargo-integration",
        "type": "github"
      }
    },
    "nixpkgs": {
      "locked": {
        "lastModified": 1632820883,
        "narHash": "sha256-MegRCaHkbD0f/Auwpowba0z+xaKLFlJ+7D7ZrgtmfvY=",
        "owner": "NixOS",
        "repo": "nixpkgs",
        "rev": "c21ba4f7bb4a3d621eb1d187e6b5e816bb85380c",
        "type": "github"
      },
      "original": {
        "owner": "NixOS",
        "ref": "nixos-unstable",
        "repo": "nixpkgs",
        "type": "github"
      }
    },
    "root": {
      "inputs": {
        "flakeCompat": "flakeCompat",
        "nixCargoIntegration": "nixCargoIntegration",
        "nixpkgs": "nixpkgs"
      }
    },
    "rustOverlay": {
      "flake": false,
      "locked": {
        "lastModified": 1633054799,
        "narHash": "sha256-7W1hTjTYusoraB8x4Njv/gjMGrgzNroAVWp9ZQw9m9E=",
        "owner": "oxalica",
        "repo": "rust-overlay",
        "rev": "1dd25e851d349e0606368148ff1914d25679d2a9",
        "type": "github"
      },
      "original": {
        "owner": "oxalica",
        "repo": "rust-overlay",
        "type": "github"
      }
    }
  },
  "root": "root",
  "version": 7
}
