{
  "nodes": {
    "devshell": {
      "inputs": {
        "flake-utils": "flake-utils",
        "nixpkgs": [
          "nixCargoIntegration",
          "nixpkgs"
        ]
      },
      "locked": {
        "lastModified": 1644227066,
        "narHash": "sha256-FHcFZtpZEWnUh62xlyY3jfXAXHzJNEDLDzLsJxn+ve0=",
        "owner": "numtide",
        "repo": "devshell",
        "rev": "7033f64dd9ef8d9d8644c5030c73913351d2b660",
        "type": "github"
      },
      "original": {
        "owner": "numtide",
        "repo": "devshell",
        "type": "github"
      }
    },
    "flake-utils": {
      "locked": {
        "lastModified": 1642700792,
        "narHash": "sha256-XqHrk7hFb+zBvRg6Ghl+AZDq03ov6OshJLiSWOoX5es=",
        "owner": "numtide",
        "repo": "flake-utils",
        "rev": "846b2ae0fc4cc943637d3d1def4454213e203cba",
        "type": "github"
      },
      "original": {
        "owner": "numtide",
        "repo": "flake-utils",
        "type": "github"
      }
    },
    "flakeCompat": {
      "flake": false,
      "locked": {
        "lastModified": 1641205782,
        "narHash": "sha256-4jY7RCWUoZ9cKD8co0/4tFARpWB+57+r1bLLvXNJliY=",
        "owner": "edolstra",
        "repo": "flake-compat",
        "rev": "b7547d3eed6f32d06102ead8991ec52ab0a4f1a7",
        "type": "github"
      },
      "original": {
        "owner": "edolstra",
        "repo": "flake-compat",
        "type": "github"
      }
    },
    "nixCargoIntegration": {
      "inputs": {
        "devshell": "devshell",
        "nixpkgs": [
          "nixpkgs"
        ],
        "rustOverlay": "rustOverlay"
      },
      "locked": {
        "lastModified": 1645337413,
        "narHash": "sha256-H3hDB9EdU19JVfVMthPgrn3oKJSPxEimykw059CuQD0=",
        "owner": "yusdacra",
        "repo": "nix-cargo-integration",
        "rev": "8c882926b94ca60721d17216d60991fd4988d0c8",
        "type": "github"
      },
      "original": {
        "owner": "yusdacra",
        "ref": "master",
        "repo": "nix-cargo-integration",
        "type": "github"
      }
    },
    "nixpkgs": {
      "locked": {
        "lastModified": 1644613700,
        "narHash": "sha256-wLRPJclMH8vsHuFtyI78aF09lw5mbi3lMB6uiK5S2wE=",
        "owner": "NixOS",
        "repo": "nixpkgs",
        "rev": "23d785aa6f853e6cf3430119811c334025bbef55",
        "type": "github"
      },
      "original": {
        "owner": "NixOS",
        "ref": "nixos-unstable",
        "repo": "nixpkgs",
        "type": "github"
      }
    },
    "root": {
      "inputs": {
        "flakeCompat": "flakeCompat",
        "nixCargoIntegration": "nixCargoIntegration",
        "nixpkgs": "nixpkgs"
      }
    },
    "rustOverlay": {
      "flake": false,
      "locked": {
        "lastModified": 1645323562,
        "narHash": "sha256-Zv1s9KKgUmxAJqwnrQeanof5wJr9Hti+7odqXnNbPcY=",
        "owner": "oxalica",
        "repo": "rust-overlay",
        "rev": "5893aa14811d0d982128e3730d1addb17754d436",
        "type": "github"
      },
      "original": {
        "owner": "oxalica",
        "repo": "rust-overlay",
        "type": "github"
      }
    }
  },
  "root": "root",
  "version": 7
}
